
Microsoft Visual Studio Solution File, Format Version 12.00
# Visual Studio 15
VisualStudioVersion = 15.0.27130.2020
MinimumVisualStudioVersion = 10.0.40219.1
Project("{FAE04EC0-301F-11D3-BF4B-00C04F79EFBC}") = "Bfar", "Bfar\Bfar.csproj", "{0411B85E-844F-4788-9B9B-B125A37C0E59}"
EndProject
Project("{FAE04EC0-301F-11D3-BF4B-00C04F79EFBC}") = "Bfar.Extensions", "Bfar.Extensions\Bfar.Extensions.csproj", "{D04A3650-9AAF-485D-83F6-ADB357DBAAB9}"
EndProject
Project("{FAE04EC0-301F-11D3-BF4B-00C04F79EFBC}") = "Bfar.Patterns", "Bfar.Patterns\Bfar.Patterns.csproj", "{2C9826AE-FBFA-4285-8424-4D2CBB5ACB9B}"
EndProject
Project("{FAE04EC0-301F-11D3-BF4B-00C04F79EFBC}") = "Bfar.Extensions.Persian", "Bfar.Extensions.Persian\Bfar.Extensions.Persian.csproj", "{6FCBDA90-A727-4FF8-BFBE-E67BFE530331}"
EndProject
Project("{2150E333-8FDC-42A3-9474-1A3956D46DE8}") = "Solution Items", "Solution Items", "{1D1AE64A-B63F-4BE2-9C40-C180248656F6}"
EndProject
Project("{FAE04EC0-301F-11D3-BF4B-00C04F79EFBC}") = "Bfar.Repository", "Bfar.Repository\Bfar.Repository.csproj", "{A1F95007-180C-4B71-B023-B85838DDD2AA}"
EndProject
Project("{FAE04EC0-301F-11D3-BF4B-00C04F79EFBC}") = "Bfar.Repository.Core", "Bfar.Repository.Core\Bfar.Repository.Core.csproj", "{74543264-DC1E-44D3-9CC9-6AAF3C841E46}"
EndProject
Project("{FAE04EC0-301F-11D3-BF4B-00C04F79EFBC}") = "Bfar.Extensions.Core", "Bfar.Extensions.Core\Bfar.Extensions.Core.csproj", "{D90E6039-3C6E-4466-B78D-CBAF371CE5AE}"
EndProject
Global
	GlobalSection(SolutionConfigurationPlatforms) = preSolution
		Debug|Any CPU = Debug|Any CPU
		Release|Any CPU = Release|Any CPU
	EndGlobalSection
	GlobalSection(ProjectConfigurationPlatforms) = postSolution
		{0411B85E-844F-4788-9B9B-B125A37C0E59}.Debug|Any CPU.ActiveCfg = Debug|Any CPU
		{0411B85E-844F-4788-9B9B-B125A37C0E59}.Debug|Any CPU.Build.0 = Debug|Any CPU
		{0411B85E-844F-4788-9B9B-B125A37C0E59}.Release|Any CPU.ActiveCfg = Release|Any CPU
		{0411B85E-844F-4788-9B9B-B125A37C0E59}.Release|Any CPU.Build.0 = Release|Any CPU
		{D04A3650-9AAF-485D-83F6-ADB357DBAAB9}.Debug|Any CPU.ActiveCfg = Debug|Any CPU
		{D04A3650-9AAF-485D-83F6-ADB357DBAAB9}.Debug|Any CPU.Build.0 = Debug|Any CPU
		{D04A3650-9AAF-485D-83F6-ADB357DBAAB9}.Release|Any CPU.ActiveCfg = Release|Any CPU
		{D04A3650-9AAF-485D-83F6-ADB357DBAAB9}.Release|Any CPU.Build.0 = Release|Any CPU
		{2C9826AE-FBFA-4285-8424-4D2CBB5ACB9B}.Debug|Any CPU.ActiveCfg = Debug|Any CPU
		{2C9826AE-FBFA-4285-8424-4D2CBB5ACB9B}.Debug|Any CPU.Build.0 = Debug|Any CPU
		{2C9826AE-FBFA-4285-8424-4D2CBB5ACB9B}.Release|Any CPU.ActiveCfg = Release|Any CPU
		{2C9826AE-FBFA-4285-8424-4D2CBB5ACB9B}.Release|Any CPU.Build.0 = Release|Any CPU
		{6FCBDA90-A727-4FF8-BFBE-E67BFE530331}.Debug|Any CPU.ActiveCfg = Debug|Any CPU
		{6FCBDA90-A727-4FF8-BFBE-E67BFE530331}.Debug|Any CPU.Build.0 = Debug|Any CPU
		{6FCBDA90-A727-4FF8-BFBE-E67BFE530331}.Release|Any CPU.ActiveCfg = Release|Any CPU
		{6FCBDA90-A727-4FF8-BFBE-E67BFE530331}.Release|Any CPU.Build.0 = Release|Any CPU
		{A1F95007-180C-4B71-B023-B85838DDD2AA}.Debug|Any CPU.ActiveCfg = Debug|Any CPU
		{A1F95007-180C-4B71-B023-B85838DDD2AA}.Debug|Any CPU.Build.0 = Debug|Any CPU
		{A1F95007-180C-4B71-B023-B85838DDD2AA}.Release|Any CPU.ActiveCfg = Release|Any CPU
		{A1F95007-180C-4B71-B023-B85838DDD2AA}.Release|Any CPU.Build.0 = Release|Any CPU
		{74543264-DC1E-44D3-9CC9-6AAF3C841E46}.Debug|Any CPU.ActiveCfg = Debug|Any CPU
		{74543264-DC1E-44D3-9CC9-6AAF3C841E46}.Debug|Any CPU.Build.0 = Debug|Any CPU
		{74543264-DC1E-44D3-9CC9-6AAF3C841E46}.Release|Any CPU.ActiveCfg = Release|Any CPU
		{74543264-DC1E-44D3-9CC9-6AAF3C841E46}.Release|Any CPU.Build.0 = Release|Any CPU
		{D90E6039-3C6E-4466-B78D-CBAF371CE5AE}.Debug|Any CPU.ActiveCfg = Debug|Any CPU
		{D90E6039-3C6E-4466-B78D-CBAF371CE5AE}.Debug|Any CPU.Build.0 = Debug|Any CPU
		{D90E6039-3C6E-4466-B78D-CBAF371CE5AE}.Release|Any CPU.ActiveCfg = Release|Any CPU
		{D90E6039-3C6E-4466-B78D-CBAF371CE5AE}.Release|Any CPU.Build.0 = Release|Any CPU
	EndGlobalSection
	GlobalSection(SolutionProperties) = preSolution
		HideSolutionNode = FALSE
	EndGlobalSection
	GlobalSection(ExtensibilityGlobals) = postSolution
		SolutionGuid = {E89B8713-488B-4D44-84DF-C1354C875CCA}
	EndGlobalSection
EndGlobal
