
Microsoft Visual Studio Solution File, Format Version 12.00
# Visual Studio 15
VisualStudioVersion = 15.0.27130.2020
MinimumVisualStudioVersion = 10.0.40219.1
Project("{FAE04EC0-301F-11D3-BF4B-00C04F79EFBC}") = "Bfar", "Bfar\Bfar.csproj", "{0411B85E-844F-4788-9B9B-B125A37C0E59}"
EndProject
Project("{FAE04EC0-301F-11D3-BF4B-00C04F79EFBC}") = "Bfar.Extensions", "Bfar.Extensions\Bfar.Extensions.csproj", "{D04A3650-9AAF-485D-83F6-ADB357DBAAB9}"
EndProject
Project("{FAE04EC0-301F-11D3-BF4B-00C04F79EFBC}") = "Bfar.Repository", "Bfar.Repository\Bfar.Repository.csproj", "{A1F95007-180C-4B71-B023-B85838DDD2AA}"
EndProject
Global
	GlobalSection(SolutionConfigurationPlatforms) = preSolution
		Debug|Any CPU = Debug|Any CPU
		Release|Any CPU = Release|Any CPU
	EndGlobalSection
	GlobalSection(ProjectConfigurationPlatforms) = postSolution
		{0411B85E-844F-4788-9B9B-B125A37C0E59}.Debug|Any CPU.ActiveCfg = Debug|Any CPU
		{0411B85E-844F-4788-9B9B-B125A37C0E59}.Debug|Any CPU.Build.0 = Debug|Any CPU
		{0411B85E-844F-4788-9B9B-B125A37C0E59}.Release|Any CPU.ActiveCfg = Release|Any CPU
		{0411B85E-844F-4788-9B9B-B125A37C0E59}.Release|Any CPU.Build.0 = Release|Any CPU
		{D04A3650-9AAF-485D-83F6-ADB357DBAAB9}.Debug|Any CPU.ActiveCfg = Debug|Any CPU
		{D04A3650-9AAF-485D-83F6-ADB357DBAAB9}.Debug|Any CPU.Build.0 = Debug|Any CPU
		{D04A3650-9AAF-485D-83F6-ADB357DBAAB9}.Release|Any CPU.ActiveCfg = Release|Any CPU
		{D04A3650-9AAF-485D-83F6-ADB357DBAAB9}.Release|Any CPU.Build.0 = Release|Any CPU
		{A1F95007-180C-4B71-B023-B85838DDD2AA}.Debug|Any CPU.ActiveCfg = Debug|Any CPU
		{A1F95007-180C-4B71-B023-B85838DDD2AA}.Debug|Any CPU.Build.0 = Debug|Any CPU
		{A1F95007-180C-4B71-B023-B85838DDD2AA}.Release|Any CPU.ActiveCfg = Release|Any CPU
		{A1F95007-180C-4B71-B023-B85838DDD2AA}.Release|Any CPU.Build.0 = Release|Any CPU
	EndGlobalSection
	GlobalSection(SolutionProperties) = preSolution
		HideSolutionNode = FALSE
	EndGlobalSection
	GlobalSection(ExtensibilityGlobals) = postSolution
		SolutionGuid = {E89B8713-488B-4D44-84DF-C1354C875CCA}
	EndGlobalSection
EndGlobal
