
Microsoft Visual Studio Solution File, Format Version 12.00
# Visual Studio Version 17
VisualStudioVersion = 17.13.35931.197 d17.13
MinimumVisualStudioVersion = 10.0.40219.1
Project("{FAE04EC0-301F-11D3-BF4B-00C04F79EFBC}") = "Abstraction", "Abstraction\Abstraction.csproj", "{3718CE32-6A19-45E8-BD36-443712D2382A}"
EndProject
Global
	GlobalSection(SolutionConfigurationPlatforms) = preSolution
		Debug|Any CPU = Debug|Any CPU
		Release|Any CPU = Release|Any CPU
	EndGlobalSection
	GlobalSection(ProjectConfigurationPlatforms) = postSolution
		{3718CE32-6A19-45E8-BD36-443712D2382A}.Debug|Any CPU.ActiveCfg = Debug|Any CPU
		{3718CE32-6A19-45E8-BD36-443712D2382A}.Debug|Any CPU.Build.0 = Debug|Any CPU
		{3718CE32-6A19-45E8-BD36-443712D2382A}.Release|Any CPU.ActiveCfg = Release|Any CPU
		{3718CE32-6A19-45E8-BD36-443712D2382A}.Release|Any CPU.Build.0 = Release|Any CPU
	EndGlobalSection
	GlobalSection(SolutionProperties) = preSolution
		HideSolutionNode = FALSE
	EndGlobalSection
	GlobalSection(ExtensibilityGlobals) = postSolution
		SolutionGuid = {586E79F2-A344-4B88-AF81-AE8D99942196}
	EndGlobalSection
EndGlobal
